lockfileVersion: 5.4

importers:

  .:
    specifiers:
      turbo: latest
    devDependencies:
      turbo: 1.7.4

  apps/docs:
    specifiers: {}

  apps/web:
    specifiers:
      components: workspace:*
    dependencies:
      components: link:../../packages/components

  packages/components:
    specifiers: {}

packages:

  /turbo-darwin-64/1.7.4:
    resolution: {integrity: sha512-ZyYrQlUl8K/mYN1e6R7bEhPPYjMakz0DYMaexkyD7TAijQtWmTSd4a+I7VknOYNEssnUZ/v41GU3gPV1JAzxxQ==}
    cpu: [x64]
    os: [darwin]
    requiresBuild: true
    dev: true
    optional: true

  /turbo-darwin-arm64/1.7.4:
    resolution: {integrity: sha512-CKIXg9uqp1a+Yeq/c4U0alPOqvwLUq5SBZf1PGYhGqJsfG0fRBtJfkUjHuBsuJIOGXg8rCmcGSWGIsIF6fqYuw==}
    cpu: [arm64]
    os: [darwin]
    requiresBuild: true
    dev: true
    optional: true

  /turbo-linux-64/1.7.4:
    resolution: {integrity: sha512-RIUl4RUFFyzD2T024vL7509Ygwcw+SEa8NOwPfaN6TtJHK7RZV/SBP3fLNVOptG9WRLnOWX3OvsLMbiOqDLLyA==}
    cpu: [x64]
    os: [linux]
    requiresBuild: true
    dev: true
    optional: true

  /turbo-linux-arm64/1.7.4:
    resolution: {integrity: sha512-Bg65F0AjYYYxqE6RPf2H5TIGuA/EyWMeGOATHVSZOWAbYcnG3Ly03GZii8AHnUi7ntWBdjwvXf/QbOS1ayNB6A==}
    cpu: [arm64]
    os: [linux]
    requiresBuild: true
    dev: true
    optional: true

  /turbo-windows-64/1.7.4:
    resolution: {integrity: sha512-rTaV50XZ2BRxRHOHqt1UsWfeDmYLbn8UKE6g2D2ED+uW+kmnTvR9s01nmlGWd2sAuWcRYQyQ2V+O09VfKPKcQw==}
    cpu: [x64]
    os: [win32]
    requiresBuild: true
    dev: true
    optional: true

  /turbo-windows-arm64/1.7.4:
    resolution: {integrity: sha512-h8sxdKPvHTnWUPtwnYszFMmSO0P/iUUwmYY9n7iYThA71zSao28UeZ0H0Gw75cY3MPjvkjn2C4EBAUGPjuZJLw==}
    cpu: [arm64]
    os: [win32]
    requiresBuild: true
    dev: true
    optional: true

  /turbo/1.7.4:
    resolution: {integrity: sha512-8RLedDoUL0kkVKWEZ/RMM70BvKLyDFen06QuKKhYC2XNOfNKqFDqzIdcY/vGick869bNIWalChoy4O07k0HLsA==}
    hasBin: true
    requiresBuild: true
    optionalDependencies:
      turbo-darwin-64: 1.7.4
      turbo-darwin-arm64: 1.7.4
      turbo-linux-64: 1.7.4
      turbo-linux-arm64: 1.7.4
      turbo-windows-64: 1.7.4
      turbo-windows-arm64: 1.7.4
    dev: true
